
Microsoft Visual Studio Solution File, Format Version 12.00
# Visual Studio 15
VisualStudioVersion = 15.0.28307.1000
MinimumVisualStudioVersion = 10.0.40219.1
Project("{9A19103F-16F7-4668-BE54-9A1E7A4F7556}") = "dashboard", "dashboard\dashboard.csproj", "{FBB0B629-8DB7-4D37-AD44-0A07F18AC442}"
EndProject
Global
	GlobalSection(SolutionConfigurationPlatforms) = preSolution
		Debug|Any CPU = Debug|Any CPU
		Release|Any CPU = Release|Any CPU
	EndGlobalSection
	GlobalSection(ProjectConfigurationPlatforms) = postSolution
		{FBB0B629-8DB7-4D37-AD44-0A07F18AC442}.Debug|Any CPU.ActiveCfg = Debug|Any CPU
		{FBB0B629-8DB7-4D37-AD44-0A07F18AC442}.Debug|Any CPU.Build.0 = Debug|Any CPU
		{FBB0B629-8DB7-4D37-AD44-0A07F18AC442}.Release|Any CPU.ActiveCfg = Release|Any CPU
		{FBB0B629-8DB7-4D37-AD44-0A07F18AC442}.Release|Any CPU.Build.0 = Release|Any CPU
	EndGlobalSection
	GlobalSection(SolutionProperties) = preSolution
		HideSolutionNode = FALSE
	EndGlobalSection
	GlobalSection(ExtensibilityGlobals) = postSolution
		SolutionGuid = {06F41776-7782-4745-B8DA-FDA77705E538}
	EndGlobalSection
EndGlobal
